github.com/karalabe/xgo v0.0.0-20181007145344-72da7d1d3970 h1:0+1ZURVRim6FxA/jhWhJklsgoWc69q1sxlIu2Ztnhy0=
github.com/karalabe/xgo v0.0.0-20181007145344-72da7d1d3970/go.mod h1:iYGcTYIPUvEWhFo6aKUuLchs+AV4ssYdyuBbQJZGcBk=
github.com/openvenues/gopostal v0.0.0-20171226154602-e0184512a45d h1:KJ+N55d9zLN8fTg3NchLdmmAmPieXC5E6UNJ8zFFttU=
github.com/openvenues/gopostal v0.0.0-20171226154602-e0184512a45d/go.mod h1:Ycrd7XnwQdumHzpB/6WEa85B4WNdbLC6Wz4FAQNkaV0=
